
Microsoft Visual Studio Solution File, Format Version 11.00
# Visual Studio 2010
Project("{FAE04EC0-301F-11D3-BF4B-00C04F79EFBC}") = "tyfu.JsonStorage", "tyfu.JsonStorage.csproj", "{9E6AE2C2-21C3-41FC-8B56-233E15BB4458}"
EndProject
Global
	GlobalSection(SolutionConfigurationPlatforms) = preSolution
		Debug|Any CPU = Debug|Any CPU
		Release|Any CPU = Release|Any CPU
	EndGlobalSection
	GlobalSection(ProjectConfigurationPlatforms) = postSolution
		{9E6AE2C2-21C3-41FC-8B56-233E15BB4458}.Debug|Any CPU.ActiveCfg = Debug|Any CPU
		{9E6AE2C2-21C3-41FC-8B56-233E15BB4458}.Debug|Any CPU.Build.0 = Debug|Any CPU
		{9E6AE2C2-21C3-41FC-8B56-233E15BB4458}.Release|Any CPU.ActiveCfg = Release|Any CPU
		{9E6AE2C2-21C3-41FC-8B56-233E15BB4458}.Release|Any CPU.Build.0 = Release|Any CPU
	EndGlobalSection
	GlobalSection(SolutionProperties) = preSolution
		HideSolutionNode = FALSE
	EndGlobalSection
EndGlobal
